Microsoft Visual Studio Solution File, Format Version 12.00
# Visual Studio Version 17
VisualStudioVersion = 17.14.36717.8
MinimumVisualStudioVersion = 10.0.40219.1
Project("{FAE04EC0-301F-11D3-BF4B-00C04F79EFBC}") = "AuthManagement", "AuthManagement\AuthManagement.csproj", "{9EE541FE-4C4F-49C7-BD9A-9F94854E9615}"
EndProject
Project("{2150E333-8FDC-42A3-9474-1A3956D46DE8}") = "Solution Items", "Solution Items", "{EAC372C3-BE67-4C34-B107-D6D9431807D7}"
	ProjectSection(SolutionItems) = preProject
		Directory.Packages.props = Directory.Packages.props
	EndProjectSection
EndProject
Global
	GlobalSection(SolutionConfigurationPlatforms) = preSolution
		Debug|Any CPU = Debug|Any CPU
		Release|Any CPU = Release|Any CPU
	EndGlobalSection
	GlobalSection(ProjectConfigurationPlatforms) = postSolution
		{9EE541FE-4C4F-49C7-BD9A-9F94854E9615}.Debug|Any CPU.ActiveCfg = Debug|Any CPU
		{9EE541FE-4C4F-49C7-BD9A-9F94854E9615}.Debug|Any CPU.Build.0 = Debug|Any CPU
		{9EE541FE-4C4F-49C7-BD9A-9F94854E9615}.Release|Any CPU.ActiveCfg = Release|Any CPU
		{9EE541FE-4C4F-49C7-BD9A-9F94854E9615}.Release|Any CPU.Build.0 = Release|Any CPU
	EndGlobalSection
	GlobalSection(SolutionProperties) = preSolution
		HideSolutionNode = FALSE
	EndGlobalSection
	GlobalSection(ExtensibilityGlobals) = postSolution
		SolutionGuid = {15F45116-455A-4A65-B3D0-FA6E23610100}
	EndGlobalSection
EndGlobal
